{
  "object": {
    "pins": [
      {
        "package": "BlockchainSwift",
        "repositoryURL": "https://github.com/nevstad/blockchain-swift.git",
        "state": {
          "branch": "feature/nio",
          "revision": "beb274ca8bcf253f83e345b6f7b5f680876bf6e3",
          "version": null
        }
      },
      {
        "package": "swift-nio",
        "repositoryURL": "https://github.com/apple/swift-nio.git",
        "state": {
          "branch": null,
          "revision": "b2be49ada3d2cf3824e038505be32230d6e62893",
          "version": "2.1.1"
        }
      }
    ]
  },
  "version": 1
}
