{
  "object": {
    "pins": [
      {
        "package": "BlockchainSwift",
        "repositoryURL": "https://github.com/nevstad/blockchain-swift.git",
        "state": {
          "branch": "feature/nio",
          "revision": "5a408bcc9f879563aa1653827116516e4fee6de1",
          "version": null
        }
      },
      {
        "package": "swift-nio",
        "repositoryURL": "https://github.com/apple/swift-nio.git",
        "state": {
          "branch": null,
          "revision": "ed50f8a41ece8db20afa8d1188fc0960f95263df",
          "version": "2.2.0"
        }
      }
    ]
  },
  "version": 1
}
