// !$*UTF8*$!
{
	archiveVersion = 1;
	classes = {
	};
	objectVersion = 52;
	objects = {

/* Begin PBXBuildFile section */
		9701C29322C353D900CAAAA1 /* main.swift in Sources */ = {isa = PBXBuildFile; fileRef = 9701C29222C353D900CAAAA1 /* main.swift */; };
		9701C29B22C3542600CAAAA1 /* BlockchainSwift in Frameworks */ = {isa = PBXBuildFile; productRef = 9701C29A22C3542600CAAAA1 /* BlockchainSwift */; };
		9701C29D22C354BC00CAAAA1 /* CLI.swift in Sources */ = {isa = PBXBuildFile; fileRef = 9701C29C22C354BC00CAAAA1 /* CLI.swift */; };
		9701C29F22C3555A00CAAAA1 /* String+terminal.swift in Sources */ = {isa = PBXBuildFile; fileRef = 9701C29E22C3555A00CAAAA1 /* String+terminal.swift */; };
/* End PBXBuildFile section */

/* Begin PBXCopyFilesBuildPhase section */
		9701C28D22C353D900CAAAA1 /* CopyFiles */ = {
			isa = PBXCopyFilesBuildPhase;
			buildActionMask = 2147483647;
			dstPath = /usr/share/man/man1/;
			dstSubfolderSpec = 0;
			files = (
			);
			runOnlyForDeploymentPostprocessing = 1;
		};
/* End PBXCopyFilesBuildPhase section */

/* Begin PBXFileReference section */
		9701C28F22C353D900CAAAA1 /* BlockchainSwiftCLI */ = {isa = PBXFileReference; explicitFileType = "compiled.mach-o.executable"; includeInIndex = 0; path = BlockchainSwiftCLI; sourceTree = BUILT_PRODUCTS_DIR; };
		9701C29222C353D900CAAAA1 /* main.swift */ = {isa = PBXFileReference; lastKnownFileType = sourcecode.swift; path = main.swift; sourceTree = "<group>"; };
		9701C29C22C354BC00CAAAA1 /* CLI.swift */ = {isa = PBXFileReference; lastKnownFileType = sourcecode.swift; path = CLI.swift; sourceTree = "<group>"; };
		9701C29E22C3555A00CAAAA1 /* String+terminal.swift */ = {isa = PBXFileReference; lastKnownFileType = sourcecode.swift; path = "String+terminal.swift"; sourceTree = "<group>"; };
/* End PBXFileReference section */

/* Begin PBXFrameworksBuildPhase section */
		9701C28C22C353D900CAAAA1 /* Frameworks */ = {
			isa = PBXFrameworksBuildPhase;
			buildActionMask = 2147483647;
			files = (
				9701C29B22C3542600CAAAA1 /* BlockchainSwift in Frameworks */,
			);
			runOnlyForDeploymentPostprocessing = 0;
		};
/* End PBXFrameworksBuildPhase section */

/* Begin PBXGroup section */
		9701C28622C353D900CAAAA1 = {
			isa = PBXGroup;
			children = (
				9701C29122C353D900CAAAA1 /* BlockchainSwiftCLI */,
				9701C29022C353D900CAAAA1 /* Products */,
			);
			sourceTree = "<group>";
		};
		9701C29022C353D900CAAAA1 /* Products */ = {
			isa = PBXGroup;
			children = (
				9701C28F22C353D900CAAAA1 /* BlockchainSwiftCLI */,
			);
			name = Products;
			sourceTree = "<group>";
		};
		9701C29122C353D900CAAAA1 /* BlockchainSwiftCLI */ = {
			isa = PBXGroup;
			children = (
				9701C29222C353D900CAAAA1 /* main.swift */,
				9701C29C22C354BC00CAAAA1 /* CLI.swift */,
				9701C29E22C3555A00CAAAA1 /* String+terminal.swift */,
			);
			path = BlockchainSwiftCLI;
			sourceTree = "<group>";
		};
/* End PBXGroup section */

/* Begin PBXNativeTarget section */
		9701C28E22C353D900CAAAA1 /* BlockchainSwiftCLI */ = {
			isa = PBXNativeTarget;
			buildConfigurationList = 9701C29622C353D900CAAAA1 /* Build configuration list for PBXNativeTarget "BlockchainSwiftCLI" */;
			buildPhases = (
				9701C28B22C353D900CAAAA1 /* Sources */,
				9701C28C22C353D900CAAAA1 /* Frameworks */,
				9701C28D22C353D900CAAAA1 /* CopyFiles */,
			);
			buildRules = (
			);
			dependencies = (
			);
			name = BlockchainSwiftCLI;
			packageProductDependencies = (
				9701C29A22C3542600CAAAA1 /* BlockchainSwift */,
			);
			productName = BlockchainSwiftCLI;
			productReference = 9701C28F22C353D900CAAAA1 /* BlockchainSwiftCLI */;
			productType = "com.apple.product-type.tool";
		};
/* End PBXNativeTarget section */

/* Begin PBXProject section */
		9701C28722C353D900CAAAA1 /* Project object */ = {
			isa = PBXProject;
			attributes = {
				LastSwiftUpdateCheck = 1100;
				LastUpgradeCheck = 1100;
				ORGANIZATIONNAME = "Magnus Nevstad";
				TargetAttributes = {
					9701C28E22C353D900CAAAA1 = {
						CreatedOnToolsVersion = 11.0;
					};
				};
			};
			buildConfigurationList = 9701C28A22C353D900CAAAA1 /* Build configuration list for PBXProject "BlockchainSwiftCLI" */;
			compatibilityVersion = "Xcode 9.3";
			developmentRegion = en;
			hasScannedForEncodings = 0;
			knownRegions = (
				en,
				Base,
			);
			mainGroup = 9701C28622C353D900CAAAA1;
			packageReferences = (
				9701C29922C3542600CAAAA1 /* XCRemoteSwiftPackageReference "blockchain-swift" */,
			);
			productRefGroup = 9701C29022C353D900CAAAA1 /* Products */;
			projectDirPath = "";
			projectRoot = "";
			targets = (
				9701C28E22C353D900CAAAA1 /* BlockchainSwiftCLI */,
			);
		};
/* End PBXProject section */

/* Begin PBXSourcesBuildPhase section */
		9701C28B22C353D900CAAAA1 /* Sources */ = {
			isa = PBXSourcesBuildPhase;
			buildActionMask = 2147483647;
			files = (
				9701C29D22C354BC00CAAAA1 /* CLI.swift in Sources */,
				9701C29F22C3555A00CAAAA1 /* String+terminal.swift in Sources */,
				9701C29322C353D900CAAAA1 /* main.swift in Sources */,
			);
			runOnlyForDeploymentPostprocessing = 0;
		};
/* End PBXSourcesBuildPhase section */

/* Begin XCBuildConfiguration section */
		9701C29422C353D900CAAAA1 /* Debug */ = {
			isa = XCBuildConfiguration;
			buildSettings = {
				ALWAYS_SEARCH_USER_PATHS = NO;
				CLANG_ANALYZER_NONNULL = YES;
				CLANG_ANALYZER_NUMBER_OBJECT_CONVERSION = YES_AGGRESSIVE;
				CLANG_CXX_LANGUAGE_STANDARD = "gnu++14";
				CLANG_CXX_LIBRARY = "libc++";
				CLANG_ENABLE_MODULES = YES;
				CLANG_ENABLE_OBJC_ARC = YES;
				CLANG_ENABLE_OBJC_WEAK = YES;
				CLANG_WARN_BLOCK_CAPTURE_AUTORELEASING = YES;
				CLANG_WARN_BOOL_CONVERSION = YES;
				CLANG_WARN_COMMA = YES;
				CLANG_WARN_CONSTANT_CONVERSION = YES;
				CLANG_WARN_DEPRECATED_OBJC_IMPLEMENTATIONS = YES;
				CLANG_WARN_DIRECT_OBJC_ISA_USAGE = YES_ERROR;
				CLANG_WARN_DOCUMENTATION_COMMENTS = YES;
				CLANG_WARN_EMPTY_BODY = YES;
				CLANG_WARN_ENUM_CONVERSION = YES;
				CLANG_WARN_INFINITE_RECURSION = YES;
				CLANG_WARN_INT_CONVERSION = YES;
				CLANG_WARN_NON_LITERAL_NULL_CONVERSION = YES;
				CLANG_WARN_OBJC_IMPLICIT_RETAIN_SELF = YES;
				CLANG_WARN_OBJC_LITERAL_CONVERSION = YES;
				CLANG_WARN_OBJC_ROOT_CLASS = YES_ERROR;
				CLANG_WARN_RANGE_LOOP_ANALYSIS = YES;
				CLANG_WARN_STRICT_PROTOTYPES = YES;
				CLANG_WARN_SUSPICIOUS_MOVE = YES;
				CLANG_WARN_UNGUARDED_AVAILABILITY = YES_AGGRESSIVE;
				CLANG_WARN_UNREACHABLE_CODE = YES;
				CLANG_WARN__DUPLICATE_METHOD_MATCH = YES;
				COPY_PHASE_STRIP = NO;
				DEBUG_INFORMATION_FORMAT = dwarf;
				ENABLE_STRICT_OBJC_MSGSEND = YES;
				ENABLE_TESTABILITY = YES;
				GCC_C_LANGUAGE_STANDARD = gnu11;
				GCC_DYNAMIC_NO_PIC = NO;
				GCC_NO_COMMON_BLOCKS = YES;
				GCC_OPTIMIZATION_LEVEL = 0;
				GCC_PREPROCESSOR_DEFINITIONS = (
					"DEBUG=1",
					"$(inherited)",
				);
				GCC_WARN_64_TO_32_BIT_CONVERSION = YES;
				GCC_WARN_ABOUT_RETURN_TYPE = YES_ERROR;
				GCC_WARN_UNDECLARED_SELECTOR = YES;
				GCC_WARN_UNINITIALIZED_AUTOS = YES_AGGRESSIVE;
				GCC_WARN_UNUSED_FUNCTION = YES;
				GCC_WARN_UNUSED_VARIABLE = YES;
				MACOSX_DEPLOYMENT_TARGET = 10.14;
				MTL_ENABLE_DEBUG_INFO = INCLUDE_SOURCE;
				MTL_FAST_MATH = YES;
				ONLY_ACTIVE_ARCH = YES;
				SDKROOT = macosx;
				SWIFT_ACTIVE_COMPILATION_CONDITIONS = DEBUG;
				SWIFT_OPTIMIZATION_LEVEL = "-Onone";
			};
			name = Debug;
		};
		9701C29522C353D900CAAAA1 /* Release */ = {
			isa = XCBuildConfiguration;
			buildSettings = {
				ALWAYS_SEARCH_USER_PATHS = NO;
				CLANG_ANALYZER_NONNULL = YES;
				CLANG_ANALYZER_NUMBER_OBJECT_CONVERSION = YES_AGGRESSIVE;
				CLANG_CXX_LANGUAGE_STANDARD = "gnu++14";
				CLANG_CXX_LIBRARY = "libc++";
				CLANG_ENABLE_MODULES = YES;
				CLANG_ENABLE_OBJC_ARC = YES;
				CLANG_ENABLE_OBJC_WEAK = YES;
				CLANG_WARN_BLOCK_CAPTURE_AUTORELEASING = YES;
				CLANG_WARN_BOOL_CONVERSION = YES;
				CLANG_WARN_COMMA = YES;
				CLANG_WARN_CONSTANT_CONVERSION = YES;
				CLANG_WARN_DEPRECATED_OBJC_IMPLEMENTATIONS = YES;
				CLANG_WARN_DIRECT_OBJC_ISA_USAGE = YES_ERROR;
				CLANG_WARN_DOCUMENTATION_COMMENTS = YES;
				CLANG_WARN_EMPTY_BODY = YES;
				CLANG_WARN_ENUM_CONVERSION = YES;
				CLANG_WARN_INFINITE_RECURSION = YES;
				CLANG_WARN_INT_CONVERSION = YES;
				CLANG_WARN_NON_LITERAL_NULL_CONVERSION = YES;
				CLANG_WARN_OBJC_IMPLICIT_RETAIN_SELF = YES;
				CLANG_WARN_OBJC_LITERAL_CONVERSION = YES;
				CLANG_WARN_OBJC_ROOT_CLASS = YES_ERROR;
				CLANG_WARN_RANGE_LOOP_ANALYSIS = YES;
				CLANG_WARN_STRICT_PROTOTYPES = YES;
				CLANG_WARN_SUSPICIOUS_MOVE = YES;
				CLANG_WARN_UNGUARDED_AVAILABILITY = YES_AGGRESSIVE;
				CLANG_WARN_UNREACHABLE_CODE = YES;
				CLANG_WARN__DUPLICATE_METHOD_MATCH = YES;
				COPY_PHASE_STRIP = NO;
				DEBUG_INFORMATION_FORMAT = "dwarf-with-dsym";
				ENABLE_NS_ASSERTIONS = NO;
				ENABLE_STRICT_OBJC_MSGSEND = YES;
				GCC_C_LANGUAGE_STANDARD = gnu11;
				GCC_NO_COMMON_BLOCKS = YES;
				GCC_WARN_64_TO_32_BIT_CONVERSION = YES;
				GCC_WARN_ABOUT_RETURN_TYPE = YES_ERROR;
				GCC_WARN_UNDECLARED_SELECTOR = YES;
				GCC_WARN_UNINITIALIZED_AUTOS = YES_AGGRESSIVE;
				GCC_WARN_UNUSED_FUNCTION = YES;
				GCC_WARN_UNUSED_VARIABLE = YES;
				MACOSX_DEPLOYMENT_TARGET = 10.14;
				MTL_ENABLE_DEBUG_INFO = NO;
				MTL_FAST_MATH = YES;
				SDKROOT = macosx;
				SWIFT_COMPILATION_MODE = wholemodule;
				SWIFT_OPTIMIZATION_LEVEL = "-O";
			};
			name = Release;
		};
		9701C29722C353D900CAAAA1 /* Debug */ = {
			isa = XCBuildConfiguration;
			buildSettings = {
				CODE_SIGN_STYLE = Automatic;
				DEVELOPMENT_TEAM = 9Z544VH6DA;
				ENABLE_HARDENED_RUNTIME = YES;
				PRODUCT_NAME = "$(TARGET_NAME)";
				SWIFT_VERSION = 5.0;
			};
			name = Debug;
		};
		9701C29822C353D900CAAAA1 /* Release */ = {
			isa = XCBuildConfiguration;
			buildSettings = {
				CODE_SIGN_STYLE = Automatic;
				DEVELOPMENT_TEAM = 9Z544VH6DA;
				ENABLE_HARDENED_RUNTIME = YES;
				PRODUCT_NAME = "$(TARGET_NAME)";
				SWIFT_VERSION = 5.0;
			};
			name = Release;
		};
/* End XCBuildConfiguration section */

/* Begin XCConfigurationList section */
		9701C28A22C353D900CAAAA1 /* Build configuration list for PBXProject "BlockchainSwiftCLI" */ = {
			isa = XCConfigurationList;
			buildConfigurations = (
				9701C29422C353D900CAAAA1 /* Debug */,
				9701C29522C353D900CAAAA1 /* Release */,
			);
			defaultConfigurationIsVisible = 0;
			defaultConfigurationName = Release;
		};
		9701C29622C353D900CAAAA1 /* Build configuration list for PBXNativeTarget "BlockchainSwiftCLI" */ = {
			isa = XCConfigurationList;
			buildConfigurations = (
				9701C29722C353D900CAAAA1 /* Debug */,
				9701C29822C353D900CAAAA1 /* Release */,
			);
			defaultConfigurationIsVisible = 0;
			defaultConfigurationName = Release;
		};
/* End XCConfigurationList section */

/* Begin XCRemoteSwiftPackageReference section */
		9701C29922C3542600CAAAA1 /* XCRemoteSwiftPackageReference "blockchain-swift" */ = {
			isa = XCRemoteSwiftPackageReference;
			repositoryURL = "https://github.com/nevstad/blockchain-swift.git";
			requirement = {
				branch = "feature/swift-5";
				kind = branch;
			};
		};
/* End XCRemoteSwiftPackageReference section */

/* Begin XCSwiftPackageProductDependency section */
		9701C29A22C3542600CAAAA1 /* BlockchainSwift */ = {
			isa = XCSwiftPackageProductDependency;
			package = 9701C29922C3542600CAAAA1 /* XCRemoteSwiftPackageReference "blockchain-swift" */;
			productName = BlockchainSwift;
		};
/* End XCSwiftPackageProductDependency section */
	};
	rootObject = 9701C28722C353D900CAAAA1 /* Project object */;
}
