{
  "object": {
    "pins": [
      {
        "package": "BlockchainSwift",
        "repositoryURL": "https://github.com/nevstad/blockchain-swift.git",
        "state": {
          "branch": "feature/swift-5",
          "revision": "c0e43b2b2519af63e3a0d358b6df5ac1eb124b1c",
          "version": null
        }
      },
      {
        "package": "GRDB",
        "repositoryURL": "https://github.com/groue/GRDB.swift.git",
        "state": {
          "branch": null,
          "revision": "5ee47c3c2765bdfde0f44c2ea9a263f6aa252d63",
          "version": "4.14.0"
        }
      },
      {
        "package": "swift-nio",
        "repositoryURL": "https://github.com/apple/swift-nio.git",
        "state": {
          "branch": null,
          "revision": "c5fa0b456524cd73dc3ddbb263d4f46c20b86ca3",
          "version": "2.17.0"
        }
      }
    ]
  },
  "version": 1
}
